
Microsoft Visual Studio Solution File, Format Version 12.00
# Visual Studio Version 17
VisualStudioVersion = 17.4.33213.308
MinimumVisualStudioVersion = 10.0.40219.1
Project("{FAE04EC0-301F-11D3-BF4B-00C04F79EFBC}") = "aether_db", "aether_db\aether_db.csproj", "{7DEB1D3D-BD54-4305-B692-C18AB75F2CC5}"
EndProject
Global
	GlobalSection(SolutionConfigurationPlatforms) = preSolution
		Debug|Any CPU = Debug|Any CPU
		Release|Any CPU = Release|Any CPU
	EndGlobalSection
	GlobalSection(ProjectConfigurationPlatforms) = postSolution
		{7DEB1D3D-BD54-4305-B692-C18AB75F2CC5}.Debug|Any CPU.ActiveCfg = Debug|Any CPU
		{7DEB1D3D-BD54-4305-B692-C18AB75F2CC5}.Debug|Any CPU.Build.0 = Debug|Any CPU
		{7DEB1D3D-BD54-4305-B692-C18AB75F2CC5}.Release|Any CPU.ActiveCfg = Release|Any CPU
		{7DEB1D3D-BD54-4305-B692-C18AB75F2CC5}.Release|Any CPU.Build.0 = Release|Any CPU
	EndGlobalSection
	GlobalSection(SolutionProperties) = preSolution
		HideSolutionNode = FALSE
	EndGlobalSection
	GlobalSection(ExtensibilityGlobals) = postSolution
		SolutionGuid = {A3D7CFB8-F161-4C4F-BCA2-FFE844F00824}
	EndGlobalSection
EndGlobal
